// !$*UTF8*$!
{
	archiveVersion = 1;
	classes = {
	};
	objectVersion = 77;
	objects = {

/* Begin PBXBuildFile section */
		2400728E2DB098D800D2BCF9 /* FirebaseStorage in Frameworks */ = {isa = PBXBuildFile; productRef = 2400728D2DB098D800D2BCF9 /* FirebaseStorage */; };
		240606592E1D01C6009A703C /* README.md in Resources */ = {isa = PBXBuildFile; fileRef = 240606582E1D01C6009A703C /* README.md */; };
		240793922DAAE3E3009E1A77 /* FirebaseAuth in Frameworks */ = {isa = PBXBuildFile; productRef = 240793912DAAE3E3009E1A77 /* FirebaseAuth */; };
		240793942DAAE3E3009E1A77 /* FirebaseCore in Frameworks */ = {isa = PBXBuildFile; productRef = 240793932DAAE3E3009E1A77 /* FirebaseCore */; };
		240793962DAAE3E3009E1A77 /* FirebaseFirestore in Frameworks */ = {isa = PBXBuildFile; productRef = 240793952DAAE3E3009E1A77 /* FirebaseFirestore */; };
		24975F502DB5DB81003CED73 /* AsyncAlgorithms in Frameworks */ = {isa = PBXBuildFile; productRef = 24975F4F2DB5DB81003CED73 /* AsyncAlgorithms */; };
		24DC52BD2E03C360007DF678 /* OpenAI in Frameworks */ = {isa = PBXBuildFile; productRef = 24DC52BC2E03C360007DF678 /* OpenAI */; };
		24EDE5552CF4BAD50034AE3D /* Alamofire in Frameworks */ = {isa = PBXBuildFile; productRef = 24EDE5542CF4BAD50034AE3D /* Alamofire */; };
		24EEAB012DBA7A800086C565 /* Swinject in Frameworks */ = {isa = PBXBuildFile; productRef = 24EEAB002DBA7A800086C565 /* Swinject */; };
/* End PBXBuildFile section */

/* Begin PBXContainerItemProxy section */
		241DAAF82DBEA234006FB4BC /* PBXContainerItemProxy */ = {
			isa = PBXContainerItemProxy;
			containerPortal = 24BFDE282CD3A40500052742 /* Project object */;
			proxyType = 1;
			remoteGlobalIDString = 24BFDE2F2CD3A40500052742;
			remoteInfo = fitMate;
		};
/* End PBXContainerItemProxy section */

/* Begin PBXFileReference section */
		240606582E1D01C6009A703C /* README.md */ = {isa = PBXFileReference; lastKnownFileType = net.daringfireball.markdown; path = README.md; sourceTree = "<group>"; };
		241DAAF42DBEA234006FB4BC /* fitMateTests.xctest */ = {isa = PBXFileReference; explicitFileType = wrapper.cfbundle; includeInIndex = 0; path = fitMateTests.xctest; sourceTree = BUILT_PRODUCTS_DIR; };
		247626682DBE9EAD009F1772 /* Testing.framework */ = {isa = PBXFileReference; lastKnownFileType = wrapper.framework; name = Testing.framework; path = Platforms/iPhoneOS.platform/Developer/Library/Frameworks/Testing.framework; sourceTree = DEVELOPER_DIR; };
		24BFDE302CD3A40500052742 /* fitMate.app */ = {isa = PBXFileReference; explicitFileType = wrapper.application; includeInIndex = 0; path = fitMate.app; sourceTree = BUILT_PRODUCTS_DIR; };
/* End PBXFileReference section */

/* Begin PBXFileSystemSynchronizedBuildFileExceptionSet section */
		24E140312DD92272005F4E7D /* Exceptions for "fitMate" folder in "fitMate" target */ = {
			isa = PBXFileSystemSynchronizedBuildFileExceptionSet;
			membershipExceptions = (
				Info.plist,
			);
			target = 24BFDE2F2CD3A40500052742 /* fitMate */;
		};
/* End PBXFileSystemSynchronizedBuildFileExceptionSet section */

/* Begin PBXFileSystemSynchronizedRootGroup section */
		241DAAF52DBEA234006FB4BC /* fitMateTests */ = {
			isa = PBXFileSystemSynchronizedRootGroup;
			path = fitMateTests;
			sourceTree = "<group>";
		};
		24BFDE322CD3A40500052742 /* fitMate */ = {
			isa = PBXFileSystemSynchronizedRootGroup;
			exceptions = (
				24E140312DD92272005F4E7D /* Exceptions for "fitMate" folder in "fitMate" target */,
			);
			path = fitMate;
			sourceTree = "<group>";
		};
/* End PBXFileSystemSynchronizedRootGroup section */

/* Begin PBXFrameworksBuildPhase section */
		241DAAF12DBEA234006FB4BC /* Frameworks */ = {
			isa = PBXFrameworksBuildPhase;
			buildActionMask = 2147483647;
			files = (
			);
			runOnlyForDeploymentPostprocessing = 0;
		};
		24BFDE2D2CD3A40500052742 /* Frameworks */ = {
			isa = PBXFrameworksBuildPhase;
			buildActionMask = 2147483647;
			files = (
				24EDE5552CF4BAD50034AE3D /* Alamofire in Frameworks */,
				240793962DAAE3E3009E1A77 /* FirebaseFirestore in Frameworks */,
				24DC52BD2E03C360007DF678 /* OpenAI in Frameworks */,
				24EEAB012DBA7A800086C565 /* Swinject in Frameworks */,
				240793942DAAE3E3009E1A77 /* FirebaseCore in Frameworks */,
				2400728E2DB098D800D2BCF9 /* FirebaseStorage in Frameworks */,
				240793922DAAE3E3009E1A77 /* FirebaseAuth in Frameworks */,
				24975F502DB5DB81003CED73 /* AsyncAlgorithms in Frameworks */,
			);
			runOnlyForDeploymentPostprocessing = 0;
		};
/* End PBXFrameworksBuildPhase section */

/* Begin PBXGroup section */
		2400728C2DB098D800D2BCF9 /* Frameworks */ = {
			isa = PBXGroup;
			children = (
				247626682DBE9EAD009F1772 /* Testing.framework */,
			);
			name = Frameworks;
			sourceTree = "<group>";
		};
		24BFDE272CD3A40500052742 = {
			isa = PBXGroup;
			children = (
				24BFDE322CD3A40500052742 /* fitMate */,
				241DAAF52DBEA234006FB4BC /* fitMateTests */,
				2400728C2DB098D800D2BCF9 /* Frameworks */,
				24BFDE312CD3A40500052742 /* Products */,
				240606582E1D01C6009A703C /* README.md */,
			);
			sourceTree = "<group>";
		};
		24BFDE312CD3A40500052742 /* Products */ = {
			isa = PBXGroup;
			children = (
				24BFDE302CD3A40500052742 /* fitMate.app */,
				241DAAF42DBEA234006FB4BC /* fitMateTests.xctest */,
			);
			name = Products;
			sourceTree = "<group>";
		};
/* End PBXGroup section */

/* Begin PBXNativeTarget section */
		241DAAF32DBEA234006FB4BC /* fitMateTests */ = {
			isa = PBXNativeTarget;
			buildConfigurationList = 241DAAFA2DBEA234006FB4BC /* Build configuration list for PBXNativeTarget "fitMateTests" */;
			buildPhases = (
				241DAAF02DBEA234006FB4BC /* Sources */,
				241DAAF12DBEA234006FB4BC /* Frameworks */,
				241DAAF22DBEA234006FB4BC /* Resources */,
			);
			buildRules = (
			);
			dependencies = (
				241DAAF92DBEA234006FB4BC /* PBXTargetDependency */,
			);
			fileSystemSynchronizedGroups = (
				241DAAF52DBEA234006FB4BC /* fitMateTests */,
			);
			name = fitMateTests;
			packageProductDependencies = (
			);
			productName = fitMateTests;
			productReference = 241DAAF42DBEA234006FB4BC /* fitMateTests.xctest */;
			productType = "com.apple.product-type.bundle.unit-test";
		};
		24BFDE2F2CD3A40500052742 /* fitMate */ = {
			isa = PBXNativeTarget;
			buildConfigurationList = 24BFDE3E2CD3A40600052742 /* Build configuration list for PBXNativeTarget "fitMate" */;
			buildPhases = (
				24BFDE2C2CD3A40500052742 /* Sources */,
				24BFDE2D2CD3A40500052742 /* Frameworks */,
				24BFDE2E2CD3A40500052742 /* Resources */,
			);
			buildRules = (
			);
			dependencies = (
			);
			fileSystemSynchronizedGroups = (
				24BFDE322CD3A40500052742 /* fitMate */,
			);
			name = fitMate;
			packageProductDependencies = (
				24EDE5542CF4BAD50034AE3D /* Alamofire */,
				240793912DAAE3E3009E1A77 /* FirebaseAuth */,
				240793932DAAE3E3009E1A77 /* FirebaseCore */,
				240793952DAAE3E3009E1A77 /* FirebaseFirestore */,
				2400728D2DB098D800D2BCF9 /* FirebaseStorage */,
				24975F4F2DB5DB81003CED73 /* AsyncAlgorithms */,
				24EEAB002DBA7A800086C565 /* Swinject */,
				24DC52BC2E03C360007DF678 /* OpenAI */,
			);
			productName = fitMate;
			productReference = 24BFDE302CD3A40500052742 /* fitMate.app */;
			productType = "com.apple.product-type.application";
		};
/* End PBXNativeTarget section */

/* Begin PBXProject section */
		24BFDE282CD3A40500052742 /* Project object */ = {
			isa = PBXProject;
			attributes = {
				BuildIndependentTargetsInParallel = 1;
				LastSwiftUpdateCheck = 1630;
				LastUpgradeCheck = 1630;
				TargetAttributes = {
					241DAAF32DBEA234006FB4BC = {
						CreatedOnToolsVersion = 16.3;
						TestTargetID = 24BFDE2F2CD3A40500052742;
					};
					24BFDE2F2CD3A40500052742 = {
						CreatedOnToolsVersion = 16.1;
					};
				};
			};
			buildConfigurationList = 24BFDE2B2CD3A40500052742 /* Build configuration list for PBXProject "fitMate" */;
			developmentRegion = en;
			hasScannedForEncodings = 0;
			knownRegions = (
				en,
				Base,
				tr,
			);
			mainGroup = 24BFDE272CD3A40500052742;
			minimizedProjectReferenceProxies = 1;
			packageReferences = (
				24EDE5532CF4BAD50034AE3D /* XCRemoteSwiftPackageReference "Alamofire" */,
				240793902DAAE3E3009E1A77 /* XCRemoteSwiftPackageReference "firebase-ios-sdk" */,
				24975F4E2DB5DB81003CED73 /* XCRemoteSwiftPackageReference "swift-async-algorithms" */,
				24EEAAFF2DBA7A800086C565 /* XCRemoteSwiftPackageReference "Swinject" */,
				24DC52BB2E03C360007DF678 /* XCRemoteSwiftPackageReference "OpenAI" */,
			);
			preferredProjectObjectVersion = 77;
			productRefGroup = 24BFDE312CD3A40500052742 /* Products */;
			projectDirPath = "";
			projectRoot = "";
			targets = (
				24BFDE2F2CD3A40500052742 /* fitMate */,
				241DAAF32DBEA234006FB4BC /* fitMateTests */,
			);
		};
/* End PBXProject section */

/* Begin PBXResourcesBuildPhase section */
		241DAAF22DBEA234006FB4BC /* Resources */ = {
			isa = PBXResourcesBuildPhase;
			buildActionMask = 2147483647;
			files = (
			);
			runOnlyForDeploymentPostprocessing = 0;
		};
		24BFDE2E2CD3A40500052742 /* Resources */ = {
			isa = PBXResourcesBuildPhase;
			buildActionMask = 2147483647;
			files = (
				240606592E1D01C6009A703C /* README.md in Resources */,
			);
			runOnlyForDeploymentPostprocessing = 0;
		};
/* End PBXResourcesBuildPhase section */

/* Begin PBXSourcesBuildPhase section */
		241DAAF02DBEA234006FB4BC /* Sources */ = {
			isa = PBXSourcesBuildPhase;
			buildActionMask = 2147483647;
			files = (
			);
			runOnlyForDeploymentPostprocessing = 0;
		};
		24BFDE2C2CD3A40500052742 /* Sources */ = {
			isa = PBXSourcesBuildPhase;
			buildActionMask = 2147483647;
			files = (
			);
			runOnlyForDeploymentPostprocessing = 0;
		};
/* End PBXSourcesBuildPhase section */

/* Begin PBXTargetDependency section */
		241DAAF92DBEA234006FB4BC /* PBXTargetDependency */ = {
			isa = PBXTargetDependency;
			target = 24BFDE2F2CD3A40500052742 /* fitMate */;
			targetProxy = 241DAAF82DBEA234006FB4BC /* PBXContainerItemProxy */;
		};
/* End PBXTargetDependency section */

/* Begin XCBuildConfiguration section */
		241DAAFB2DBEA234006FB4BC /* Debug */ = {
			isa = XCBuildConfiguration;
			buildSettings = {
				BUNDLE_LOADER = "$(TEST_HOST)";
				CODE_SIGN_STYLE = Automatic;
				CURRENT_PROJECT_VERSION = 1;
				DEVELOPMENT_TEAM = YG9WQ8RW2A;
				GENERATE_INFOPLIST_FILE = YES;
				IPHONEOS_DEPLOYMENT_TARGET = 18.4;
				MARKETING_VERSION = 1.0;
				PRODUCT_BUNDLE_IDENTIFIER = yemresimsekkk.fitMateTests;
				PRODUCT_NAME = "$(TARGET_NAME)";
				SWIFT_EMIT_LOC_STRINGS = NO;
				SWIFT_VERSION = 5.0;
				TARGETED_DEVICE_FAMILY = "1,2";
				TEST_HOST = "$(BUILT_PRODUCTS_DIR)/fitMate.app/$(BUNDLE_EXECUTABLE_FOLDER_PATH)/fitMate";
			};
			name = Debug;
		};
		241DAAFC2DBEA234006FB4BC /* Release */ = {
			isa = XCBuildConfiguration;
			buildSettings = {
				BUNDLE_LOADER = "$(TEST_HOST)";
				CODE_SIGN_STYLE = Automatic;
				CURRENT_PROJECT_VERSION = 1;
				DEVELOPMENT_TEAM = YG9WQ8RW2A;
				GENERATE_INFOPLIST_FILE = YES;
				IPHONEOS_DEPLOYMENT_TARGET = 18.4;
				MARKETING_VERSION = 1.0;
				PRODUCT_BUNDLE_IDENTIFIER = yemresimsekkk.fitMateTests;
				PRODUCT_NAME = "$(TARGET_NAME)";
				SWIFT_EMIT_LOC_STRINGS = NO;
				SWIFT_VERSION = 5.0;
				TARGETED_DEVICE_FAMILY = "1,2";
				TEST_HOST = "$(BUILT_PRODUCTS_DIR)/fitMate.app/$(BUNDLE_EXECUTABLE_FOLDER_PATH)/fitMate";
			};
			name = Release;
		};
		24BFDE3C2CD3A40600052742 /* Debug */ = {
			isa = XCBuildConfiguration;
			baseConfigurationReferenceAnchor = 24BFDE322CD3A40500052742 /* fitMate */;
			baseConfigurationReferenceRelativePath = Secrets.xcconfig;
			buildSettings = {
				ALWAYS_SEARCH_USER_PATHS = NO;
				ASSETCATALOG_COMPILER_GENERATE_SWIFT_ASSET_SYMBOL_EXTENSIONS = YES;
				CLANG_ANALYZER_LOCALIZABILITY_NONLOCALIZED = YES;
				CLANG_ANALYZER_NONNULL = YES;
				CLANG_ANALYZER_NUMBER_OBJECT_CONVERSION = YES_AGGRESSIVE;
				CLANG_CXX_LANGUAGE_STANDARD = "gnu++20";
				CLANG_ENABLE_MODULES = YES;
				CLANG_ENABLE_OBJC_ARC = YES;
				CLANG_ENABLE_OBJC_WEAK = YES;
				CLANG_WARN_BLOCK_CAPTURE_AUTORELEASING = YES;
				CLANG_WARN_BOOL_CONVERSION = YES;
				CLANG_WARN_COMMA = YES;
				CLANG_WARN_CONSTANT_CONVERSION = YES;
				CLANG_WARN_DEPRECATED_OBJC_IMPLEMENTATIONS = YES;
				CLANG_WARN_DIRECT_OBJC_ISA_USAGE = YES_ERROR;
				CLANG_WARN_DOCUMENTATION_COMMENTS = YES;
				CLANG_WARN_EMPTY_BODY = YES;
				CLANG_WARN_ENUM_CONVERSION = YES;
				CLANG_WARN_INFINITE_RECURSION = YES;
				CLANG_WARN_INT_CONVERSION = YES;
				CLANG_WARN_NON_LITERAL_NULL_CONVERSION = YES;
				CLANG_WARN_OBJC_IMPLICIT_RETAIN_SELF = YES;
				CLANG_WARN_OBJC_LITERAL_CONVERSION = YES;
				CLANG_WARN_OBJC_ROOT_CLASS = YES_ERROR;
				CLANG_WARN_QUOTED_INCLUDE_IN_FRAMEWORK_HEADER = YES;
				CLANG_WARN_RANGE_LOOP_ANALYSIS = YES;
				CLANG_WARN_STRICT_PROTOTYPES = YES;
				CLANG_WARN_SUSPICIOUS_MOVE = YES;
				CLANG_WARN_UNGUARDED_AVAILABILITY = YES_AGGRESSIVE;
				CLANG_WARN_UNREACHABLE_CODE = YES;
				CLANG_WARN__DUPLICATE_METHOD_MATCH = YES;
				COPY_PHASE_STRIP = NO;
				DEBUG_INFORMATION_FORMAT = dwarf;
				DEVELOPMENT_TEAM = YG9WQ8RW2A;
				ENABLE_STRICT_OBJC_MSGSEND = YES;
				ENABLE_TESTABILITY = YES;
				ENABLE_USER_SCRIPT_SANDBOXING = YES;
				GCC_C_LANGUAGE_STANDARD = gnu17;
				GCC_DYNAMIC_NO_PIC = NO;
				GCC_NO_COMMON_BLOCKS = YES;
				GCC_OPTIMIZATION_LEVEL = 0;
				GCC_PREPROCESSOR_DEFINITIONS = (
					"DEBUG=1",
					"$(inherited)",
				);
				GCC_WARN_64_TO_32_BIT_CONVERSION = YES;
				GCC_WARN_ABOUT_RETURN_TYPE = YES_ERROR;
				GCC_WARN_UNDECLARED_SELECTOR = YES;
				GCC_WARN_UNINITIALIZED_AUTOS = YES_AGGRESSIVE;
				GCC_WARN_UNUSED_FUNCTION = YES;
				GCC_WARN_UNUSED_VARIABLE = YES;
				IPHONEOS_DEPLOYMENT_TARGET = 18.1;
				LOCALIZATION_PREFERS_STRING_CATALOGS = YES;
				MTL_ENABLE_DEBUG_INFO = INCLUDE_SOURCE;
				MTL_FAST_MATH = YES;
				ONLY_ACTIVE_ARCH = YES;
				SDKROOT = iphoneos;
				SWIFT_ACTIVE_COMPILATION_CONDITIONS = "DEBUG $(inherited)";
				SWIFT_EMIT_LOC_STRINGS = YES;
				SWIFT_OPTIMIZATION_LEVEL = "-Onone";
			};
			name = Debug;
		};
		24BFDE3D2CD3A40600052742 /* Release */ = {
			isa = XCBuildConfiguration;
			baseConfigurationReferenceAnchor = 24BFDE322CD3A40500052742 /* fitMate */;
			baseConfigurationReferenceRelativePath = Secrets.xcconfig;
			buildSettings = {
				ALWAYS_SEARCH_USER_PATHS = NO;
				ASSETCATALOG_COMPILER_GENERATE_SWIFT_ASSET_SYMBOL_EXTENSIONS = YES;
				CLANG_ANALYZER_LOCALIZABILITY_NONLOCALIZED = YES;
				CLANG_ANALYZER_NONNULL = YES;
				CLANG_ANALYZER_NUMBER_OBJECT_CONVERSION = YES_AGGRESSIVE;
				CLANG_CXX_LANGUAGE_STANDARD = "gnu++20";
				CLANG_ENABLE_MODULES = YES;
				CLANG_ENABLE_OBJC_ARC = YES;
				CLANG_ENABLE_OBJC_WEAK = YES;
				CLANG_WARN_BLOCK_CAPTURE_AUTORELEASING = YES;
				CLANG_WARN_BOOL_CONVERSION = YES;
				CLANG_WARN_COMMA = YES;
				CLANG_WARN_CONSTANT_CONVERSION = YES;
				CLANG_WARN_DEPRECATED_OBJC_IMPLEMENTATIONS = YES;
				CLANG_WARN_DIRECT_OBJC_ISA_USAGE = YES_ERROR;
				CLANG_WARN_DOCUMENTATION_COMMENTS = YES;
				CLANG_WARN_EMPTY_BODY = YES;
				CLANG_WARN_ENUM_CONVERSION = YES;
				CLANG_WARN_INFINITE_RECURSION = YES;
				CLANG_WARN_INT_CONVERSION = YES;
				CLANG_WARN_NON_LITERAL_NULL_CONVERSION = YES;
				CLANG_WARN_OBJC_IMPLICIT_RETAIN_SELF = YES;
				CLANG_WARN_OBJC_LITERAL_CONVERSION = YES;
				CLANG_WARN_OBJC_ROOT_CLASS = YES_ERROR;
				CLANG_WARN_QUOTED_INCLUDE_IN_FRAMEWORK_HEADER = YES;
				CLANG_WARN_RANGE_LOOP_ANALYSIS = YES;
				CLANG_WARN_STRICT_PROTOTYPES = YES;
				CLANG_WARN_SUSPICIOUS_MOVE = YES;
				CLANG_WARN_UNGUARDED_AVAILABILITY = YES_AGGRESSIVE;
				CLANG_WARN_UNREACHABLE_CODE = YES;
				CLANG_WARN__DUPLICATE_METHOD_MATCH = YES;
				COPY_PHASE_STRIP = NO;
				DEBUG_INFORMATION_FORMAT = "dwarf-with-dsym";
				DEVELOPMENT_TEAM = YG9WQ8RW2A;
				ENABLE_NS_ASSERTIONS = NO;
				ENABLE_STRICT_OBJC_MSGSEND = YES;
				ENABLE_USER_SCRIPT_SANDBOXING = YES;
				GCC_C_LANGUAGE_STANDARD = gnu17;
				GCC_NO_COMMON_BLOCKS = YES;
				GCC_WARN_64_TO_32_BIT_CONVERSION = YES;
				GCC_WARN_ABOUT_RETURN_TYPE = YES_ERROR;
				GCC_WARN_UNDECLARED_SELECTOR = YES;
				GCC_WARN_UNINITIALIZED_AUTOS = YES_AGGRESSIVE;
				GCC_WARN_UNUSED_FUNCTION = YES;
				GCC_WARN_UNUSED_VARIABLE = YES;
				IPHONEOS_DEPLOYMENT_TARGET = 18.1;
				LOCALIZATION_PREFERS_STRING_CATALOGS = YES;
				MTL_ENABLE_DEBUG_INFO = NO;
				MTL_FAST_MATH = YES;
				SDKROOT = iphoneos;
				SWIFT_COMPILATION_MODE = wholemodule;
				SWIFT_EMIT_LOC_STRINGS = YES;
				VALIDATE_PRODUCT = YES;
			};
			name = Release;
		};
		24BFDE3F2CD3A40600052742 /* Debug */ = {
			isa = XCBuildConfiguration;
			baseConfigurationReferenceAnchor = 24BFDE322CD3A40500052742 /* fitMate */;
			baseConfigurationReferenceRelativePath = Secrets.xcconfig;
			buildSettings = {
				ASSETCATALOG_COMPILER_APPICON_NAME = AppIcon;
				ASSETCATALOG_COMPILER_GLOBAL_ACCENT_COLOR_NAME = AccentColor;
				CODE_SIGN_ENTITLEMENTS = fitMate/fitMate.entitlements;
				CODE_SIGN_IDENTITY = "Apple Development";
				CODE_SIGN_STYLE = Automatic;
				CURRENT_PROJECT_VERSION = 1;
				DEVELOPMENT_ASSET_PATHS = "\"fitMate/Preview Content\"";
				ENABLE_PREVIEWS = YES;
				GENERATE_INFOPLIST_FILE = YES;
				INFOPLIST_FILE = fitMate/Info.plist;
				INFOPLIST_KEY_NSHealthShareUsageDescription = "This app wants to access your health data for show your health datas";
				INFOPLIST_KEY_UIApplicationSceneManifest_Generation = YES;
				INFOPLIST_KEY_UIApplicationSupportsIndirectInputEvents = YES;
				INFOPLIST_KEY_UILaunchScreen_Generation = YES;
				INFOPLIST_KEY_UISupportedInterfaceOrientations_iPad = "UIInterfaceOrientationPortrait UIInterfaceOrientationPortraitUpsideDown UIInterfaceOrientationLandscapeLeft UIInterfaceOrientationLandscapeRight";
				INFOPLIST_KEY_UISupportedInterfaceOrientations_iPhone = "UIInterfaceOrientationPortrait UIInterfaceOrientationLandscapeLeft UIInterfaceOrientationLandscapeRight";
				LD_RUNPATH_SEARCH_PATHS = (
					"$(inherited)",
					"@executable_path/Frameworks",
				);
				MARKETING_VERSION = 1.0;
				PRODUCT_BUNDLE_IDENTIFIER = yemresimsekkk.fitMate;
				PRODUCT_NAME = "$(TARGET_NAME)";
				PROVISIONING_PROFILE_SPECIFIER = "";
				SWIFT_EMIT_LOC_STRINGS = YES;
				SWIFT_VERSION = 5.0;
				TARGETED_DEVICE_FAMILY = "1,2";
			};
			name = Debug;
		};
		24BFDE402CD3A40600052742 /* Release */ = {
			isa = XCBuildConfiguration;
			baseConfigurationReferenceAnchor = 24BFDE322CD3A40500052742 /* fitMate */;
			baseConfigurationReferenceRelativePath = Secrets.xcconfig;
			buildSettings = {
				ASSETCATALOG_COMPILER_APPICON_NAME = AppIcon;
				ASSETCATALOG_COMPILER_GLOBAL_ACCENT_COLOR_NAME = AccentColor;
				CODE_SIGN_ENTITLEMENTS = fitMate/fitMate.entitlements;
				CODE_SIGN_IDENTITY = "Apple Development";
				CODE_SIGN_STYLE = Automatic;
				CURRENT_PROJECT_VERSION = 1;
				DEVELOPMENT_ASSET_PATHS = "\"fitMate/Preview Content\"";
				ENABLE_PREVIEWS = YES;
				GENERATE_INFOPLIST_FILE = YES;
				INFOPLIST_FILE = fitMate/Info.plist;
				INFOPLIST_KEY_NSHealthShareUsageDescription = "This app wants to access your health data for show your health datas";
				INFOPLIST_KEY_UIApplicationSceneManifest_Generation = YES;
				INFOPLIST_KEY_UIApplicationSupportsIndirectInputEvents = YES;
				INFOPLIST_KEY_UILaunchScreen_Generation = YES;
				INFOPLIST_KEY_UISupportedInterfaceOrientations_iPad = "UIInterfaceOrientationPortrait UIInterfaceOrientationPortraitUpsideDown UIInterfaceOrientationLandscapeLeft UIInterfaceOrientationLandscapeRight";
				INFOPLIST_KEY_UISupportedInterfaceOrientations_iPhone = "UIInterfaceOrientationPortrait UIInterfaceOrientationLandscapeLeft UIInterfaceOrientationLandscapeRight";
				LD_RUNPATH_SEARCH_PATHS = (
					"$(inherited)",
					"@executable_path/Frameworks",
				);
				MARKETING_VERSION = 1.0;
				PRODUCT_BUNDLE_IDENTIFIER = yemresimsekkk.fitMate;
				PRODUCT_NAME = "$(TARGET_NAME)";
				PROVISIONING_PROFILE_SPECIFIER = "";
				SWIFT_EMIT_LOC_STRINGS = YES;
				SWIFT_VERSION = 5.0;
				TARGETED_DEVICE_FAMILY = "1,2";
			};
			name = Release;
		};
/* End XCBuildConfiguration section */

/* Begin XCConfigurationList section */
		241DAAFA2DBEA234006FB4BC /* Build configuration list for PBXNativeTarget "fitMateTests" */ = {
			isa = XCConfigurationList;
			buildConfigurations = (
				241DAAFB2DBEA234006FB4BC /* Debug */,
				241DAAFC2DBEA234006FB4BC /* Release */,
			);
			defaultConfigurationIsVisible = 0;
			defaultConfigurationName = Release;
		};
		24BFDE2B2CD3A40500052742 /* Build configuration list for PBXProject "fitMate" */ = {
			isa = XCConfigurationList;
			buildConfigurations = (
				24BFDE3C2CD3A40600052742 /* Debug */,
				24BFDE3D2CD3A40600052742 /* Release */,
			);
			defaultConfigurationIsVisible = 0;
			defaultConfigurationName = Release;
		};
		24BFDE3E2CD3A40600052742 /* Build configuration list for PBXNativeTarget "fitMate" */ = {
			isa = XCConfigurationList;
			buildConfigurations = (
				24BFDE3F2CD3A40600052742 /* Debug */,
				24BFDE402CD3A40600052742 /* Release */,
			);
			defaultConfigurationIsVisible = 0;
			defaultConfigurationName = Release;
		};
/* End XCConfigurationList section */

/* Begin XCRemoteSwiftPackageReference section */
		240793902DAAE3E3009E1A77 /* XCRemoteSwiftPackageReference "firebase-ios-sdk" */ = {
			isa = XCRemoteSwiftPackageReference;
			repositoryURL = "https://github.com/firebase/firebase-ios-sdk";
			requirement = {
				kind = upToNextMajorVersion;
				minimumVersion = 11.11.0;
			};
		};
		24975F4E2DB5DB81003CED73 /* XCRemoteSwiftPackageReference "swift-async-algorithms" */ = {
			isa = XCRemoteSwiftPackageReference;
			repositoryURL = "https://github.com/apple/swift-async-algorithms.git";
			requirement = {
				kind = upToNextMajorVersion;
				minimumVersion = 1.0.3;
			};
		};
		24DC52BB2E03C360007DF678 /* XCRemoteSwiftPackageReference "OpenAI" */ = {
			isa = XCRemoteSwiftPackageReference;
			repositoryURL = "https://github.com/MacPaw/OpenAI.git";
			requirement = {
				kind = upToNextMajorVersion;
				minimumVersion = 0.4.3;
			};
		};
		24EDE5532CF4BAD50034AE3D /* XCRemoteSwiftPackageReference "Alamofire" */ = {
			isa = XCRemoteSwiftPackageReference;
			repositoryURL = "https://github.com/Alamofire/Alamofire.git";
			requirement = {
				kind = upToNextMajorVersion;
				minimumVersion = 5.10.1;
			};
		};
		24EEAAFF2DBA7A800086C565 /* XCRemoteSwiftPackageReference "Swinject" */ = {
			isa = XCRemoteSwiftPackageReference;
			repositoryURL = "https://github.com/Swinject/Swinject.git";
			requirement = {
				kind = upToNextMajorVersion;
				minimumVersion = 2.9.1;
			};
		};
/* End XCRemoteSwiftPackageReference section */

/* Begin XCSwiftPackageProductDependency section */
		2400728D2DB098D800D2BCF9 /* FirebaseStorage */ = {
			isa = XCSwiftPackageProductDependency;
			package = 240793902DAAE3E3009E1A77 /* XCRemoteSwiftPackageReference "firebase-ios-sdk" */;
			productName = FirebaseStorage;
		};
		240793912DAAE3E3009E1A77 /* FirebaseAuth */ = {
			isa = XCSwiftPackageProductDependency;
			package = 240793902DAAE3E3009E1A77 /* XCRemoteSwiftPackageReference "firebase-ios-sdk" */;
			productName = FirebaseAuth;
		};
		240793932DAAE3E3009E1A77 /* FirebaseCore */ = {
			isa = XCSwiftPackageProductDependency;
			package = 240793902DAAE3E3009E1A77 /* XCRemoteSwiftPackageReference "firebase-ios-sdk" */;
			productName = FirebaseCore;
		};
		240793952DAAE3E3009E1A77 /* FirebaseFirestore */ = {
			isa = XCSwiftPackageProductDependency;
			package = 240793902DAAE3E3009E1A77 /* XCRemoteSwiftPackageReference "firebase-ios-sdk" */;
			productName = FirebaseFirestore;
		};
		24975F4F2DB5DB81003CED73 /* AsyncAlgorithms */ = {
			isa = XCSwiftPackageProductDependency;
			package = 24975F4E2DB5DB81003CED73 /* XCRemoteSwiftPackageReference "swift-async-algorithms" */;
			productName = AsyncAlgorithms;
		};
		24DC52BC2E03C360007DF678 /* OpenAI */ = {
			isa = XCSwiftPackageProductDependency;
			package = 24DC52BB2E03C360007DF678 /* XCRemoteSwiftPackageReference "OpenAI" */;
			productName = OpenAI;
		};
		24EDE5542CF4BAD50034AE3D /* Alamofire */ = {
			isa = XCSwiftPackageProductDependency;
			package = 24EDE5532CF4BAD50034AE3D /* XCRemoteSwiftPackageReference "Alamofire" */;
			productName = Alamofire;
		};
		24EEAB002DBA7A800086C565 /* Swinject */ = {
			isa = XCSwiftPackageProductDependency;
			package = 24EEAAFF2DBA7A800086C565 /* XCRemoteSwiftPackageReference "Swinject" */;
			productName = Swinject;
		};
/* End XCSwiftPackageProductDependency section */
	};
	rootObject = 24BFDE282CD3A40500052742 /* Project object */;
}
